
Microsoft Visual Studio Solution File, Format Version 12.00
# Visual Studio Version 16
VisualStudioVersion = 25.0.1706.7
MinimumVisualStudioVersion = 10.0.40219.1
Project("{FAE04EC0-301F-11D3-BF4B-00C04F79EFBC}") = "Fincra.SDK", "Fincra.SDK.csproj", "{019D7510-6201-44FC-A356-274881EBAEC4}"
EndProject
Project("{FAE04EC0-301F-11D3-BF4B-00C04F79EFBC}") = "Fincra.Test", "..\Fincra.Test\Fincra.Test.csproj", "{6DB031B3-589C-4F45-92D0-BFAA908698F0}"
EndProject
Global
	GlobalSection(SolutionConfigurationPlatforms) = preSolution
		Debug|Any CPU = Debug|Any CPU
		Release|Any CPU = Release|Any CPU
	EndGlobalSection
	GlobalSection(ProjectConfigurationPlatforms) = postSolution
		{019D7510-6201-44FC-A356-274881EBAEC4}.Debug|Any CPU.ActiveCfg = Debug|Any CPU
		{019D7510-6201-44FC-A356-274881EBAEC4}.Debug|Any CPU.Build.0 = Debug|Any CPU
		{019D7510-6201-44FC-A356-274881EBAEC4}.Release|Any CPU.ActiveCfg = Release|Any CPU
		{019D7510-6201-44FC-A356-274881EBAEC4}.Release|Any CPU.Build.0 = Release|Any CPU
		{6DB031B3-589C-4F45-92D0-BFAA908698F0}.Debug|Any CPU.ActiveCfg = Debug|Any CPU
		{6DB031B3-589C-4F45-92D0-BFAA908698F0}.Debug|Any CPU.Build.0 = Debug|Any CPU
		{6DB031B3-589C-4F45-92D0-BFAA908698F0}.Release|Any CPU.ActiveCfg = Release|Any CPU
		{6DB031B3-589C-4F45-92D0-BFAA908698F0}.Release|Any CPU.Build.0 = Release|Any CPU
	EndGlobalSection
	GlobalSection(SolutionProperties) = preSolution
		HideSolutionNode = FALSE
	EndGlobalSection
	GlobalSection(ExtensibilityGlobals) = postSolution
		SolutionGuid = {E14E51ED-5556-459B-95AD-87B8E265FC45}
	EndGlobalSection
EndGlobal
